PackratFormat: 1.4
PackratVersion: 0.4.4.24
RVersion: 3.2.2
Repos: CRAN=https://cran.rstudio.com

Package: BH
Source: CRAN
Version: 1.58.0-1
Hash: 4f6db3b5311bb006f536a2e67278d058

Package: R6
Source: CRAN
Version: 2.1.1
Hash: 20a88b2c9c84aecff2702789a4d102f5

Package: RColorBrewer
Source: CRAN
Version: 1.0-5
Hash: 071906b7337adcc2bae085577a6be060

Package: RCurl
Source: CRAN
Version: 1.95-4.5
Hash: b6f7cff292162d60f93b2ef0493a4420
Requires: bitops

Package: RJSONIO
Source: CRAN
Version: 1.2-0.2
Hash: 3b16043a7b449759f85351d757d1e078

Package: Rcpp
Source: CRAN
Version: 0.12.1
Hash: 02ad87c166e4a92976052106e3826893

Package: TTR
Source: CRAN
Version: 0.23-0
Hash: 353f2126778fd3da89cd698ebeea5d21
Requires: xts, zoo

Package: bitops
Source: CRAN
Version: 1.0-6
Hash: 67d0775189fd0041d95abca618c5c07e

Package: brew
Source: CRAN
Version: 1.0-6
Hash: 931f9972deae0f205e1c78a51f33149b

Package: caTools
Source: CRAN
Version: 1.17.1
Hash: 97cb6f6293cd18d17df77a6383cc6763
Requires: bitops

Package: curl
Source: CRAN
Version: 0.9.3
Hash: 44fef64a3205c6e327a11a1a721da9b0

Package: devtools
Source: CRAN
Version: 1.9.1
Hash: 894e4e2f04fb749f786f15cf01181a0c
Requires: curl, digest, evaluate, git2r, httr, jsonlite, memoise,
    roxygen2, rstudioapi, rversions, whisker

Package: digest
Source: CRAN
Version: 0.6.8
Hash: de202f956596a476d09304e3a2ebf1e5

Package: dygraphs
Source: source
Version: 0.5
Hash: d6e4ad53fa94382b3de50248f2203fef
Requires: htmlwidgets, magrittr, xts, zoo
SourcePath: ~/packages/dygraphs

Package: evaluate
Source: CRAN
Version: 0.8
Hash: aac00bd789bac10970b50e3b7e0cab04
Requires: stringr

Package: formatR
Source: CRAN
Version: 1.2.1
Hash: 54c730c712edd6087972ecf99bf87c55

Package: git2r
Source: CRAN
Version: 0.11.0
Hash: 40e87f1c9cff181fe741a80646d081a5

Package: highr
Source: CRAN
Version: 0.5.1
Hash: 114ef5abcf58bebbf6ac083b9cacbbd8

Package: htmltools
Source: CRAN
Version: 0.2.6
Hash: 595e7dea94f5f049dfc1ed739f5161af
Requires: digest

Package: htmlwidgets
Source: CRAN
Version: 0.5
Hash: 0aa33e8666baac6fcff4e376789b9c2e
Requires: htmltools, jsonlite, yaml

Package: httr
Source: CRAN
Version: 1.0.0
Hash: 165c156aaf69073f9a1f8a4211c626d9
Requires: R6, curl, digest, jsonlite, mime, stringr

Package: jsonlite
Source: CRAN
Version: 0.9.17
Hash: d44b8f8c89ff794d6ec8a07dde103d24

Package: knitr
Source: CRAN
Version: 1.11
Hash: 0a6d1006425040af05e29504af948535
Requires: digest, evaluate, formatR, highr, markdown, stringr, yaml

Package: magrittr
Source: CRAN
Version: 1.5
Hash: bdc4d48c3135e8f3b399536ddf160df4

Package: markdown
Source: CRAN
Version: 0.7.7
Hash: fea2343a1119d61b0cc5c0a950d103a3
Requires: mime

Package: memoise
Source: CRAN
Version: 0.2.1
Hash: 812e6a1dd77a0ca4da41f3239de8e447
Requires: digest

Package: mime
Source: CRAN
Version: 0.4
Hash: b08c52dae92a0a11e64a4deea032ec33

Package: packrat
Source: github
Version: 0.4.4-24
Hash: b7cb6f83fb1cf234e29ef00861010a7b
GithubRepo: packrat
GithubUsername: rstudio
GithubRef: master
GithubSha1: a33fce58f2b7ce69dead16172c679e3d4086a9ae

Package: quantmod
Source: CRAN
Version: 0.4-5
Hash: 1c585e9754a71da8751a49573689f1b8
Requires: TTR, xts, zoo

Package: rmarkdown
Source: CRAN
Version: 0.3.3
Hash: 6febd46a372c3d9d388985036d7ef410
Requires: caTools, htmltools, knitr, yaml

Package: roxygen2
Source: CRAN
Version: 4.1.1
Hash: aacbdc7412da959c352c3c0dd5e16b13
Requires: Rcpp, brew, digest, stringr

Package: rstudioapi
Source: CRAN
Version: 0.3.1
Hash: 88eea830c60277b858ce9334041b08bb

Package: rversions
Source: CRAN
Version: 1.0.2
Hash: c006a9eaa80a091dcd87bb4003887b12
Requires: curl, xml2

Package: stringi
Source: CRAN
Version: 0.5-5
Hash: e7c67668a472e26e0c95bc8fa9049198

Package: stringr
Source: CRAN
Version: 1.0.0
Hash: 2676dd5f88890910962b733b0f9540e1
Requires: magrittr, stringi

Package: whisker
Source: CRAN
Version: 0.3-2
Hash: 803d662762e532705c2c066a82d066e7

Package: xml2
Source: CRAN
Version: 0.1.2
Hash: f6de7afd3d80c2dc9795d7e6aa3de8c2
Requires: BH, Rcpp

Package: xts
Source: CRAN
Version: 0.9-7
Hash: fb3f81d7a2fa2323879b6b49722ddc5e
Requires: zoo

Package: yaml
Source: CRAN
Version: 2.1.13
Hash: 4854ccabebc225e8a7309fb4a74980de

Package: zoo
Source: CRAN
Version: 1.7-11
Hash: 349bb03cd96b68fa60eca19e3cb1525a
